
Microsoft Visual Studio Solution File, Format Version 12.00
# Visual Studio Version 17
VisualStudioVersion = 17.5.002.0
MinimumVisualStudioVersion = 10.0.40219.1
Project("{9A19103F-16F7-4668-BE54-9A1E7A4F7556}") = "HW", "HW.csproj", "{C876A69A-1222-4D11-BC06-25B8D37777E0}"
EndProject
Global
	GlobalSection(SolutionConfigurationPlatforms) = preSolution
		Debug|Any CPU = Debug|Any CPU
		Release|Any CPU = Release|Any CPU
	EndGlobalSection
	GlobalSection(ProjectConfigurationPlatforms) = postSolution
		{C876A69A-1222-4D11-BC06-25B8D37777E0}.Debug|Any CPU.ActiveCfg = Debug|Any CPU
		{C876A69A-1222-4D11-BC06-25B8D37777E0}.Debug|Any CPU.Build.0 = Debug|Any CPU
		{C876A69A-1222-4D11-BC06-25B8D37777E0}.Release|Any CPU.ActiveCfg = Release|Any CPU
		{C876A69A-1222-4D11-BC06-25B8D37777E0}.Release|Any CPU.Build.0 = Release|Any CPU
	EndGlobalSection
	GlobalSection(SolutionProperties) = preSolution
		HideSolutionNode = FALSE
	EndGlobalSection
	GlobalSection(ExtensibilityGlobals) = postSolution
		SolutionGuid = {F81AAEFC-6D05-483C-8E93-62925EFF3A54}
	EndGlobalSection
EndGlobal
